
Microsoft Visual Studio Solution File, Format Version 12.00
# Visual Studio 15
VisualStudioVersion = 15.0.28307.1022
MinimumVisualStudioVersion = 10.0.40219.1
Project("{FAE04EC0-301F-11D3-BF4B-00C04F79EFBC}") = "ConsoleApp1", "ConsoleApp1\ConsoleApp1.csproj", "{734752AD-F748-46D3-A9A9-B767FF618DDD}"
EndProject
Project("{FAE04EC0-301F-11D3-BF4B-00C04F79EFBC}") = "UnitTestProject1", "UnitTestProject1\UnitTestProject1.csproj", "{52D910BA-9FF1-4858-8748-902E19D7932C}"
EndProject
Global
	GlobalSection(SolutionConfigurationPlatforms) = preSolution
		Debug|Any CPU = Debug|Any CPU
		Release|Any CPU = Release|Any CPU
	EndGlobalSection
	GlobalSection(ProjectConfigurationPlatforms) = postSolution
		{734752AD-F748-46D3-A9A9-B767FF618DDD}.Debug|Any CPU.ActiveCfg = Debug|Any CPU
		{734752AD-F748-46D3-A9A9-B767FF618DDD}.Debug|Any CPU.Build.0 = Debug|Any CPU
		{734752AD-F748-46D3-A9A9-B767FF618DDD}.Release|Any CPU.ActiveCfg = Release|Any CPU
		{734752AD-F748-46D3-A9A9-B767FF618DDD}.Release|Any CPU.Build.0 = Release|Any CPU
		{52D910BA-9FF1-4858-8748-902E19D7932C}.Debug|Any CPU.ActiveCfg = Debug|Any CPU
		{52D910BA-9FF1-4858-8748-902E19D7932C}.Debug|Any CPU.Build.0 = Debug|Any CPU
		{52D910BA-9FF1-4858-8748-902E19D7932C}.Release|Any CPU.ActiveCfg = Release|Any CPU
		{52D910BA-9FF1-4858-8748-902E19D7932C}.Release|Any CPU.Build.0 = Release|Any CPU
	EndGlobalSection
	GlobalSection(SolutionProperties) = preSolution
		HideSolutionNode = FALSE
	EndGlobalSection
	GlobalSection(ExtensibilityGlobals) = postSolution
		SolutionGuid = {69AE75EF-E7C1-47D3-A526-75D438D7A59E}
	EndGlobalSection
EndGlobal
